// !$*UTF8*$!
{
	archiveVersion = 1;
	classes = {
	};
	objectVersion = 46;
	objects = {

/* Begin PBXBuildFile section */
		4FC821D91E975706006B2663 /* AppDelegate.swift in Sources */ = {isa = PBXBuildFile; fileRef = 4FC821D81E975706006B2663 /* AppDelegate.swift */; };
		4FC821DB1E975706006B2663 /* ViewController.swift in Sources */ = {isa = PBXBuildFile; fileRef = 4FC821DA1E975706006B2663 /* ViewController.swift */; };
		4FC821DE1E975706006B2663 /* Main.storyboard in Resources */ = {isa = PBXBuildFile; fileRef = 4FC821DC1E975706006B2663 /* Main.storyboard */; };
		4FC821E01E975706006B2663 /* Assets.xcassets in Resources */ = {isa = PBXBuildFile; fileRef = 4FC821DF1E975706006B2663 /* Assets.xcassets */; };
		4FC821E31E975706006B2663 /* LaunchScreen.storyboard in Resources */ = {isa = PBXBuildFile; fileRef = 4FC821E11E975706006B2663 /* LaunchScreen.storyboard */; };
		4FC821EC1E97818A006B2663 /* UIImage-Extension.swift in Sources */ = {isa = PBXBuildFile; fileRef = 4FC821EB1E97818A006B2663 /* UIImage-Extension.swift */; };
/* End PBXBuildFile section */

/* Begin PBXFileReference section */
		4FC821D51E975706006B2663 /* RoundImage.app */ = {isa = PBXFileReference; explicitFileType = wrapper.application; includeInIndex = 0; path = RoundImage.app; sourceTree = BUILT_PRODUCTS_DIR; };
		4FC821D81E975706006B2663 /* AppDelegate.swift */ = {isa = PBXFileReference; lastKnownFileType = sourcecode.swift; path = AppDelegate.swift; sourceTree = "<group>"; };
		4FC821DA1E975706006B2663 /* ViewController.swift */ = {isa = PBXFileReference; lastKnownFileType = sourcecode.swift; path = ViewController.swift; sourceTree = "<group>"; };
		4FC821DD1E975706006B2663 /* Base */ = {isa = PBXFileReference; lastKnownFileType = file.storyboard; name = Base; path = Base.lproj/Main.storyboard; sourceTree = "<group>"; };
		4FC821DF1E975706006B2663 /* Assets.xcassets */ = {isa = PBXFileReference; lastKnownFileType = folder.assetcatalog; path = Assets.xcassets; sourceTree = "<group>"; };
		4FC821E21E975706006B2663 /* Base */ = {isa = PBXFileReference; lastKnownFileType = file.storyboard; name = Base; path = Base.lproj/LaunchScreen.storyboard; sourceTree = "<group>"; };
		4FC821E41E975706006B2663 /* Info.plist */ = {isa = PBXFileReference; lastKnownFileType = text.plist.xml; path = Info.plist; sourceTree = "<group>"; };
		4FC821EB1E97818A006B2663 /* UIImage-Extension.swift */ = {isa = PBXFileReference; fileEncoding = 4; lastKnownFileType = sourcecode.swift; path = "UIImage-Extension.swift"; sourceTree = "<group>"; };
/* End PBXFileReference section */

/* Begin PBXFrameworksBuildPhase section */
		4FC821D21E975706006B2663 /* Frameworks */ = {
			isa = PBXFrameworksBuildPhase;
			buildActionMask = 2147483647;
			files = (
			);
			runOnlyForDeploymentPostprocessing = 0;
		};
/* End PBXFrameworksBuildPhase section */

/* Begin PBXGroup section */
		4FC821CC1E975706006B2663 = {
			isa = PBXGroup;
			children = (
				4FC821D71E975706006B2663 /* RoundImage */,
				4FC821EA1E97814A006B2663 /* Tools */,
				4FC821D61E975706006B2663 /* Products */,
			);
			sourceTree = "<group>";
		};
		4FC821D61E975706006B2663 /* Products */ = {
			isa = PBXGroup;
			children = (
				4FC821D51E975706006B2663 /* RoundImage.app */,
			);
			name = Products;
			sourceTree = "<group>";
		};
		4FC821D71E975706006B2663 /* RoundImage */ = {
			isa = PBXGroup;
			children = (
				4FC821D81E975706006B2663 /* AppDelegate.swift */,
				4FC821DA1E975706006B2663 /* ViewController.swift */,
				4FC821DC1E975706006B2663 /* Main.storyboard */,
				4FC821DF1E975706006B2663 /* Assets.xcassets */,
				4FC821E11E975706006B2663 /* LaunchScreen.storyboard */,
				4FC821E41E975706006B2663 /* Info.plist */,
			);
			path = RoundImage;
			sourceTree = "<group>";
		};
		4FC821EA1E97814A006B2663 /* Tools */ = {
			isa = PBXGroup;
			children = (
				4FC821EB1E97818A006B2663 /* UIImage-Extension.swift */,
			);
			path = Tools;
			sourceTree = "<group>";
		};
/* End PBXGroup section */

/* Begin PBXNativeTarget section */
		4FC821D41E975706006B2663 /* RoundImage */ = {
			isa = PBXNativeTarget;
			buildConfigurationList = 4FC821E71E975706006B2663 /* Build configuration list for PBXNativeTarget "RoundImage" */;
			buildPhases = (
				4FC821D11E975706006B2663 /* Sources */,
				4FC821D21E975706006B2663 /* Frameworks */,
				4FC821D31E975706006B2663 /* Resources */,
			);
			buildRules = (
			);
			dependencies = (
			);
			name = RoundImage;
			productName = RoundImage;
			productReference = 4FC821D51E975706006B2663 /* RoundImage.app */;
			productType = "com.apple.product-type.application";
		};
/* End PBXNativeTarget section */

/* Begin PBXProject section */
		4FC821CD1E975706006B2663 /* Project object */ = {
			isa = PBXProject;
			attributes = {
				LastSwiftUpdateCheck = 0820;
				LastUpgradeCheck = 0820;
				ORGANIZATIONNAME = pankx;
				TargetAttributes = {
					4FC821D41E975706006B2663 = {
						CreatedOnToolsVersion = 8.2.1;
						DevelopmentTeam = 4ZVTV26L8D;
						ProvisioningStyle = Automatic;
					};
				};
			};
			buildConfigurationList = 4FC821D01E975706006B2663 /* Build configuration list for PBXProject "RoundImage" */;
			compatibilityVersion = "Xcode 3.2";
			developmentRegion = English;
			hasScannedForEncodings = 0;
			knownRegions = (
				en,
				Base,
			);
			mainGroup = 4FC821CC1E975706006B2663;
			productRefGroup = 4FC821D61E975706006B2663 /* Products */;
			projectDirPath = "";
			projectRoot = "";
			targets = (
				4FC821D41E975706006B2663 /* RoundImage */,
			);
		};
/* End PBXProject section */

/* Begin PBXResourcesBuildPhase section */
		4FC821D31E975706006B2663 /* Resources */ = {
			isa = PBXResourcesBuildPhase;
			buildActionMask = 2147483647;
			files = (
				4FC821E31E975706006B2663 /* LaunchScreen.storyboard in Resources */,
				4FC821E01E975706006B2663 /* Assets.xcassets in Resources */,
				4FC821DE1E975706006B2663 /* Main.storyboard in Resources */,
			);
			runOnlyForDeploymentPostprocessing = 0;
		};
/* End PBXResourcesBuildPhase section */

/* Begin PBXSourcesBuildPhase section */
		4FC821D11E975706006B2663 /* Sources */ = {
			isa = PBXSourcesBuildPhase;
			buildActionMask = 2147483647;
			files = (
				4FC821DB1E975706006B2663 /* ViewController.swift in Sources */,
				4FC821EC1E97818A006B2663 /* UIImage-Extension.swift in Sources */,
				4FC821D91E975706006B2663 /* AppDelegate.swift in Sources */,
			);
			runOnlyForDeploymentPostprocessing = 0;
		};
/* End PBXSourcesBuildPhase section */

/* Begin PBXVariantGroup section */
		4FC821DC1E975706006B2663 /* Main.storyboard */ = {
			isa = PBXVariantGroup;
			children = (
				4FC821DD1E975706006B2663 /* Base */,
			);
			name = Main.storyboard;
			sourceTree = "<group>";
		};
		4FC821E11E975706006B2663 /* LaunchScreen.storyboard */ = {
			isa = PBXVariantGroup;
			children = (
				4FC821E21E975706006B2663 /* Base */,
			);
			name = LaunchScreen.storyboard;
			sourceTree = "<group>";
		};
/* End PBXVariantGroup section */

/* Begin XCBuildConfiguration section */
		4FC821E51E975706006B2663 /* Debug */ = {
			isa = XCBuildConfiguration;
			buildSettings = {
				ALWAYS_SEARCH_USER_PATHS = NO;
				CLANG_ANALYZER_NONNULL = YES;
				CLANG_CXX_LANGUAGE_STANDARD = "gnu++0x";
				CLANG_CXX_LIBRARY = "libc++";
				CLANG_ENABLE_MODULES = YES;
				CLANG_ENABLE_OBJC_ARC = YES;
				CLANG_WARN_BOOL_CONVERSION = YES;
				CLANG_WARN_CONSTANT_CONVERSION = YES;
				CLANG_WARN_DIRECT_OBJC_ISA_USAGE = YES_ERROR;
				CLANG_WARN_DOCUMENTATION_COMMENTS = YES;
				CLANG_WARN_EMPTY_BODY = YES;
				CLANG_WARN_ENUM_CONVERSION = YES;
				CLANG_WARN_INFINITE_RECURSION = YES;
				CLANG_WARN_INT_CONVERSION = YES;
				CLANG_WARN_OBJC_ROOT_CLASS = YES_ERROR;
				CLANG_WARN_SUSPICIOUS_MOVE = YES;
				CLANG_WARN_UNREACHABLE_CODE = YES;
				CLANG_WARN__DUPLICATE_METHOD_MATCH = YES;
				"CODE_SIGN_IDENTITY[sdk=iphoneos*]" = "iPhone Developer";
				COPY_PHASE_STRIP = NO;
				DEBUG_INFORMATION_FORMAT = dwarf;
				ENABLE_STRICT_OBJC_MSGSEND = YES;
				ENABLE_TESTABILITY = YES;
				GCC_C_LANGUAGE_STANDARD = gnu99;
				GCC_DYNAMIC_NO_PIC = NO;
				GCC_NO_COMMON_BLOCKS = YES;
				GCC_OPTIMIZATION_LEVEL = 0;
				GCC_PREPROCESSOR_DEFINITIONS = (
					"DEBUG=1",
					"$(inherited)",
				);
				GCC_WARN_64_TO_32_BIT_CONVERSION = YES;
				GCC_WARN_ABOUT_RETURN_TYPE = YES_ERROR;
				GCC_WARN_UNDECLARED_SELECTOR = YES;
				GCC_WARN_UNINITIALIZED_AUTOS = YES_AGGRESSIVE;
				GCC_WARN_UNUSED_FUNCTION = YES;
				GCC_WARN_UNUSED_VARIABLE = YES;
				IPHONEOS_DEPLOYMENT_TARGET = 10.2;
				MTL_ENABLE_DEBUG_INFO = YES;
				ONLY_ACTIVE_ARCH = YES;
				SDKROOT = iphoneos;
				SWIFT_ACTIVE_COMPILATION_CONDITIONS = DEBUG;
				SWIFT_OPTIMIZATION_LEVEL = "-Onone";
			};
			name = Debug;
		};
		4FC821E61E975706006B2663 /* Release */ = {
			isa = XCBuildConfiguration;
			buildSettings = {
				ALWAYS_SEARCH_USER_PATHS = NO;
				CLANG_ANALYZER_NONNULL = YES;
				CLANG_CXX_LANGUAGE_STANDARD = "gnu++0x";
				CLANG_CXX_LIBRARY = "libc++";
				CLANG_ENABLE_MODULES = YES;
				CLANG_ENABLE_OBJC_ARC = YES;
				CLANG_WARN_BOOL_CONVERSION = YES;
				CLANG_WARN_CONSTANT_CONVERSION = YES;
				CLANG_WARN_DIRECT_OBJC_ISA_USAGE = YES_ERROR;
				CLANG_WARN_DOCUMENTATION_COMMENTS = YES;
				CLANG_WARN_EMPTY_BODY = YES;
				CLANG_WARN_ENUM_CONVERSION = YES;
				CLANG_WARN_INFINITE_RECURSION = YES;
				CLANG_WARN_INT_CONVERSION = YES;
				CLANG_WARN_OBJC_ROOT_CLASS = YES_ERROR;
				CLANG_WARN_SUSPICIOUS_MOVE = YES;
				CLANG_WARN_UNREACHABLE_CODE = YES;
				CLANG_WARN__DUPLICATE_METHOD_MATCH = YES;
				"CODE_SIGN_IDENTITY[sdk=iphoneos*]" = "iPhone Developer";
				COPY_PHASE_STRIP = NO;
				DEBUG_INFORMATION_FORMAT = "dwarf-with-dsym";
				ENABLE_NS_ASSERTIONS = NO;
				ENABLE_STRICT_OBJC_MSGSEND = YES;
				GCC_C_LANGUAGE_STANDARD = gnu99;
				GCC_NO_COMMON_BLOCKS = YES;
				GCC_WARN_64_TO_32_BIT_CONVERSION = YES;
				GCC_WARN_ABOUT_RETURN_TYPE = YES_ERROR;
				GCC_WARN_UNDECLARED_SELECTOR = YES;
				GCC_WARN_UNINITIALIZED_AUTOS = YES_AGGRESSIVE;
				GCC_WARN_UNUSED_FUNCTION = YES;
				GCC_WARN_UNUSED_VARIABLE = YES;
				IPHONEOS_DEPLOYMENT_TARGET = 10.2;
				MTL_ENABLE_DEBUG_INFO = NO;
				SDKROOT = iphoneos;
				SWIFT_OPTIMIZATION_LEVEL = "-Owholemodule";
				VALIDATE_PRODUCT = YES;
			};
			name = Release;
		};
		4FC821E81E975706006B2663 /* Debug */ = {
			isa = XCBuildConfiguration;
			buildSettings = {
				ASSETCATALOG_COMPILER_APPICON_NAME = AppIcon;
				DEVELOPMENT_TEAM = 4ZVTV26L8D;
				INFOPLIST_FILE = RoundImage/Info.plist;
				LD_RUNPATH_SEARCH_PATHS = "$(inherited) @executable_path/Frameworks";
				PRODUCT_BUNDLE_IDENTIFIER = com.pankx.RoundImage;
				PRODUCT_NAME = "$(TARGET_NAME)";
				SWIFT_VERSION = 3.0;
			};
			name = Debug;
		};
		4FC821E91E975706006B2663 /* Release */ = {
			isa = XCBuildConfiguration;
			buildSettings = {
				ASSETCATALOG_COMPILER_APPICON_NAME = AppIcon;
				DEVELOPMENT_TEAM = 4ZVTV26L8D;
				INFOPLIST_FILE = RoundImage/Info.plist;
				LD_RUNPATH_SEARCH_PATHS = "$(inherited) @executable_path/Frameworks";
				PRODUCT_BUNDLE_IDENTIFIER = com.pankx.RoundImage;
				PRODUCT_NAME = "$(TARGET_NAME)";
				SWIFT_VERSION = 3.0;
			};
			name = Release;
		};
/* End XCBuildConfiguration section */

/* Begin XCConfigurationList section */
		4FC821D01E975706006B2663 /* Build configuration list for PBXProject "RoundImage" */ = {
			isa = XCConfigurationList;
			buildConfigurations = (
				4FC821E51E975706006B2663 /* Debug */,
				4FC821E61E975706006B2663 /* Release */,
			);
			defaultConfigurationIsVisible = 0;
			defaultConfigurationName = Release;
		};
		4FC821E71E975706006B2663 /* Build configuration list for PBXNativeTarget "RoundImage" */ = {
			isa = XCConfigurationList;
			buildConfigurations = (
				4FC821E81E975706006B2663 /* Debug */,
				4FC821E91E975706006B2663 /* Release */,
			);
			defaultConfigurationIsVisible = 0;
			defaultConfigurationName = Release;
		};
/* End XCConfigurationList section */
	};
	rootObject = 4FC821CD1E975706006B2663 /* Project object */;
}
